{
  "requires": true,
  "lockfileVersion": 1,
  "dependencies": {
    "axios": {
      "version": "0.19.0",
      "resolved": "https://registry.npmjs.org/axios/-/axios-0.19.0.tgz",
      "integrity": "sha512-1uvKqKQta3KBxIz14F2v06AEHZ/dIoeKfbTRkK1E5oqjDnuEerLmYTgJB5AiQZHJcljpg1TuRzdjDR06qNk0DQ==",
      "requires": {
        "follow-redirects": "1.5.10",
        "is-buffer": "^2.0.2"
      }
    },
    "debug": {
      "version": "3.1.0",
      "resolved": "https://registry.npmjs.org/debug/-/debug-3.1.0.tgz",
      "integrity": "sha512-OX8XqP7/1a9cqkxYw2yXss15f26NKWBpDXQd0/uK/KPqdQhxbPa994hnzjcE2VqQpDslf55723cKPUOGSmMY3g==",
      "requires": {
        "ms": "2.0.0"
      }
    },
    "follow-redirects": {
      "version": "1.5.10",
      "resolved": "https://registry.npmjs.org/follow-redirects/-/follow-redirects-1.5.10.tgz",
      "integrity": "sha512-0V5l4Cizzvqt5D44aTXbFZz+FtyXV1vrDN6qrelxtfYQKW0KO0W2T/hkE8xvGa/540LkZlkaUjO4ailYTFtHVQ==",
      "requires": {
        "debug": "=3.1.0"
      }
    },
    "is-buffer": {
      "version": "2.0.4",
      "resolved": "https://registry.npmjs.org/is-buffer/-/is-buffer-2.0.4.tgz",
      "integrity": "sha512-Kq1rokWXOPXWuaMAqZiJW4XxsmD9zGx9q4aePabbn3qCRGedtH7Cm+zV8WETitMfu1wdh+Rvd6w5egwSngUX2A=="
    },
    "js-cookie": {
      "version": "2.2.1",
      "resolved": "https://registry.npmjs.org/js-cookie/-/js-cookie-2.2.1.tgz",
      "integrity": "sha512-HvdH2LzI/EAZcUwA8+0nKNtWHqS+ZmijLA30RwZA0bo7ToCckjK5MkGhjED9KoRcXO6BaGI3I9UIzSA1FKFPOQ=="
    },
    "lz-string": {
      "version": "1.4.4",
      "resolved": "https://registry.npmjs.org/lz-string/-/lz-string-1.4.4.tgz",
      "integrity": "sha1-wNjq82BZ9wV5bh40SBHPTEmNOiY="
    },
    "ms": {
      "version": "2.0.0",
      "resolved": "https://registry.npmjs.org/ms/-/ms-2.0.0.tgz",
      "integrity": "sha1-VgiurfwAvmwpAd9fmGF4jeDVl8g="
    },
    "vue": {
      "version": "2.6.10",
      "resolved": "https://registry.npmjs.org/vue/-/vue-2.6.10.tgz",
      "integrity": "sha512-ImThpeNU9HbdZL3utgMCq0oiMzAkt1mcgy3/E6zWC/G6AaQoeuFdsl9nDhTDU3X1R6FK7nsIUuRACVcjI+A2GQ=="
    },
    "vue-axios": {
      "version": "2.1.5",
      "resolved": "https://registry.npmjs.org/vue-axios/-/vue-axios-2.1.5.tgz",
      "integrity": "sha512-th5xVbInVoyIoe+qY+9GCflEVezxAvztD4xpFF39SRQYqpoKD2qkmX8yv08jJG9a2SgNOCjirjJGSwg/wTrbmA=="
    },
    "vue-class-component": {
      "version": "7.1.0",
      "resolved": "https://registry.npmjs.org/vue-class-component/-/vue-class-component-7.1.0.tgz",
      "integrity": "sha512-G9152NzUkz0i0xTfhk0Afc8vzdXxDR1pfN4dTwE72cskkgJtdXfrKBkMfGvDuxUh35U500g5Ve4xL8PEGdWeHg=="
    },
    "vue-property-decorator": {
      "version": "8.2.2",
      "resolved": "https://registry.npmjs.org/vue-property-decorator/-/vue-property-decorator-8.2.2.tgz",
      "integrity": "sha512-3gRrIeoUtjXvkoMX2stJsVs7805Pa9MXEndnk21ej+sWO7AIc5HF1TKqK0Pox5TEjpO02UbadIF0QWNrx6ZwXQ==",
      "requires": {
        "vue-class-component": "^7.0.1"
      }
    },
    "vue-ref": {
      "version": "1.0.6",
      "resolved": "https://registry.npmjs.org/vue-ref/-/vue-ref-1.0.6.tgz",
      "integrity": "sha512-UzD8t1CG+aoWVOOpGd5KcaCNtCgUc0byaKhJMH+6N7H/p1ThVkYl/VCt7DmCrdhUlzZK+hT5JPTKAdrbWi0nNw=="
    }
  }
}
